github.com/mdwhatcott/tomato v0.0.0-20180613045109-c29576bed291 h1:onq8OZD4I5fb7BsMTrOo66uK28CqquYheA9EcUOMLoo=
github.com/mdwhatcott/tomato v0.0.0-20180613045109-c29576bed291/go.mod h1:jLQ5+by/7gSa547zGD+f3SLdmBGTJJOUdPkcbKNeb3s=
github.com/mdwhatcott/tomato v0.0.0-20190315230204-4e4afa52faa5 h1:OqIu9D3PR8FsuHcnN2fSkziE7TrWulFcK0Oz6G7fNFU=
github.com/mdwhatcott/tomato v0.0.0-20190315230204-4e4afa52faa5/go.mod h1:jLQ5+by/7gSa547zGD+f3SLdmBGTJJOUdPkcbKNeb3s=
github.com/smartystreets/assertions v0.0.0-20190116191733-b6c0e53d7304 h1:Jpy1PXuP99tXNrhbq2BaPz9B+jNAvH1JPQQpG/9GCXY=
github.com/smartystreets/assertions v0.0.0-20190116191733-b6c0e53d7304/go.mod h1:OnSkiWE9lh6wB0YB77sQom3nweQdgAjqCqsofrRNTgc=
github.com/smartystreets/assertions v0.0.0-20190401211740-f487f9de1cd3 h1:hBSHahWMEgzwRyS6dRpxY0XyjZsHyQ61s084wo5PJe0=
github.com/smartystreets/assertions v0.0.0-20190401211740-f487f9de1cd3/go.mod h1:OnSkiWE9lh6wB0YB77sQom3nweQdgAjqCqsofrRNTgc=
github.com/smartystreets/gunit v0.0.0-20180314194857-6f0d6275bdcd h1:p5kvxG4NHogJX1brTLtvUSGdW0/aBvIyqDSW7tmnsmQ=
github.com/smartystreets/gunit v0.0.0-20180314194857-6f0d6275bdcd/go.mod h1:XUKj4gbqj2QvJk/OdLWzyZ3FYli0f+MdpngyryX0gcw=
github.com/smartystreets/gunit v0.0.0-20190426220047-d9c9211acd48 h1:0rwlrv91WdTeS4HtZDGmntuKOFdeeMWKootgyxTl9TA=
github.com/smartystreets/gunit v0.0.0-20190426220047-d9c9211acd48/go.mod h1:oqKsUQaUkJ2EU1ZzLQFJt1WUp9DDuj1CnZbp4DwPwL4=
