github.com/google/uuid v1.1.1 h1:Gkbcsh/GbpXz7lPftLA3P6TYMwjCLYm83jiFQZF/3gY=
github.com/google/uuid v1.1.1/go.mod h1:TIyPZe4MgqvfeYDBFedMoGGpEw/LqOeaOT+nhxU+yHo=
github.com/smartystreets/assertions v1.1.0 h1:MkTeG1DMwsrdH7QtLXy5W+fUxWq+vmb6cLmyJ7aRtF0=
github.com/smartystreets/assertions v1.1.0/go.mod h1:tcbTF8ujkAEcZ8TElKY+i30BzYlVhC/LOxJk7iOWnoo=
github.com/smartystreets/assertions v1.1.1 h1:T/YLemO5Yp7KPzS+lVtu+WsHn8yoSwTfItdAd1r3cck=
github.com/smartystreets/assertions v1.1.1/go.mod h1:tcbTF8ujkAEcZ8TElKY+i30BzYlVhC/LOxJk7iOWnoo=
github.com/smartystreets/clock v1.0.3 h1:rZ2gtRux+yALko49BywVFcrWcfRg8V86Q+wwYP+SCWs=
github.com/smartystreets/clock v1.0.3/go.mod h1:SeXxrsL1+0aE4256nYPPBWwuA9BGfiXu5+bxfXFsPGA=
github.com/smartystreets/gunit v1.3.4 h1:iHc8Rfhb/uCOc9a3KGuD3ut22L+hLIVaqR1o5fS6zC4=
github.com/smartystreets/gunit v1.3.4/go.mod h1:ZjM1ozSIMJlAz/ay4SG8PeKF00ckUp+zMHZXV9/bvak=
github.com/smartystreets/gunit v1.3.5 h1:PHi00yCLhp5iMriOsl2B3a3yns/6DwXiJdkaeuUWyvQ=
github.com/smartystreets/gunit v1.3.5/go.mod h1:ZjM1ozSIMJlAz/ay4SG8PeKF00ckUp+zMHZXV9/bvak=
github.com/smartystreets/joyride/v3 v3.0.3 h1:HiIEbwU8GwOSbhQlk0BT+wLjlDDZsW5PaikD0CNgaPI=
github.com/smartystreets/joyride/v3 v3.0.3/go.mod h1:w2b+MIF4WkjSrvMObXOMmR+63hLkmKxOr7Me4MW0mPY=
github.com/smartystreets/logging v1.1.1 h1:4UlnyYWB7LDd216NTuP3zTVvMQZREtPrDnJbsz0zftI=
github.com/smartystreets/logging v1.1.1/go.mod h1:NwFCEPbtiTIug+UCtTbDVjgcJNfandE3brDx0x7QEY8=
